
Microsoft Visual Studio Solution File, Format Version 12.00
# Visual Studio 15
VisualStudioVersion = 15.0.26124.0
MinimumVisualStudioVersion = 15.0.26124.0
Project("{FAE04EC0-301F-11D3-BF4B-00C04F79EFBC}") = "GameOfDrones", "GameOfDrones\GameOfDrones.csproj", "{9CF6AD2F-8EE1-4F00-BEE1-5AC2EA974702}"
EndProject
Project("{FAE04EC0-301F-11D3-BF4B-00C04F79EFBC}") = "GameOfDrones.Tests", "GameOfDrones.Tests\GameOfDrones.Tests.csproj", "{7195C383-C9AE-4406-A5A6-05C3DDB4A01F}"
EndProject
Global
	GlobalSection(SolutionConfigurationPlatforms) = preSolution
		Debug|Any CPU = Debug|Any CPU
		Debug|x64 = Debug|x64
		Debug|x86 = Debug|x86
		Release|Any CPU = Release|Any CPU
		Release|x64 = Release|x64
		Release|x86 = Release|x86
	EndGlobalSection
	GlobalSection(SolutionProperties) = preSolution
		HideSolutionNode = FALSE
	EndGlobalSection
	GlobalSection(ProjectConfigurationPlatforms) = postSolution
		{9CF6AD2F-8EE1-4F00-BEE1-5AC2EA974702}.Debug|Any CPU.ActiveCfg = Debug|Any CPU
		{9CF6AD2F-8EE1-4F00-BEE1-5AC2EA974702}.Debug|Any CPU.Build.0 = Debug|Any CPU
		{9CF6AD2F-8EE1-4F00-BEE1-5AC2EA974702}.Debug|x64.ActiveCfg = Debug|Any CPU
		{9CF6AD2F-8EE1-4F00-BEE1-5AC2EA974702}.Debug|x64.Build.0 = Debug|Any CPU
		{9CF6AD2F-8EE1-4F00-BEE1-5AC2EA974702}.Debug|x86.ActiveCfg = Debug|Any CPU
		{9CF6AD2F-8EE1-4F00-BEE1-5AC2EA974702}.Debug|x86.Build.0 = Debug|Any CPU
		{9CF6AD2F-8EE1-4F00-BEE1-5AC2EA974702}.Release|Any CPU.ActiveCfg = Release|Any CPU
		{9CF6AD2F-8EE1-4F00-BEE1-5AC2EA974702}.Release|Any CPU.Build.0 = Release|Any CPU
		{9CF6AD2F-8EE1-4F00-BEE1-5AC2EA974702}.Release|x64.ActiveCfg = Release|Any CPU
		{9CF6AD2F-8EE1-4F00-BEE1-5AC2EA974702}.Release|x64.Build.0 = Release|Any CPU
		{9CF6AD2F-8EE1-4F00-BEE1-5AC2EA974702}.Release|x86.ActiveCfg = Release|Any CPU
		{9CF6AD2F-8EE1-4F00-BEE1-5AC2EA974702}.Release|x86.Build.0 = Release|Any CPU
		{7195C383-C9AE-4406-A5A6-05C3DDB4A01F}.Debug|Any CPU.ActiveCfg = Debug|Any CPU
		{7195C383-C9AE-4406-A5A6-05C3DDB4A01F}.Debug|Any CPU.Build.0 = Debug|Any CPU
		{7195C383-C9AE-4406-A5A6-05C3DDB4A01F}.Debug|x64.ActiveCfg = Debug|Any CPU
		{7195C383-C9AE-4406-A5A6-05C3DDB4A01F}.Debug|x64.Build.0 = Debug|Any CPU
		{7195C383-C9AE-4406-A5A6-05C3DDB4A01F}.Debug|x86.ActiveCfg = Debug|Any CPU
		{7195C383-C9AE-4406-A5A6-05C3DDB4A01F}.Debug|x86.Build.0 = Debug|Any CPU
		{7195C383-C9AE-4406-A5A6-05C3DDB4A01F}.Release|Any CPU.ActiveCfg = Release|Any CPU
		{7195C383-C9AE-4406-A5A6-05C3DDB4A01F}.Release|Any CPU.Build.0 = Release|Any CPU
		{7195C383-C9AE-4406-A5A6-05C3DDB4A01F}.Release|x64.ActiveCfg = Release|Any CPU
		{7195C383-C9AE-4406-A5A6-05C3DDB4A01F}.Release|x64.Build.0 = Release|Any CPU
		{7195C383-C9AE-4406-A5A6-05C3DDB4A01F}.Release|x86.ActiveCfg = Release|Any CPU
		{7195C383-C9AE-4406-A5A6-05C3DDB4A01F}.Release|x86.Build.0 = Release|Any CPU
	EndGlobalSection
EndGlobal
